# This file is automatically @generated by Poetry 2.1.2 and should not be changed by hand.

[[package]]
name = "termcolor"
version = "3.0.2.dev21"
description = "ANSI color formatting for output in terminal"
optional = false
python-versions = ">=3.9"
groups = ["main"]
files = []
develop = false

[package.extras]
tests = ["pytest", "pytest-cov"]

[package.source]
type = "git"
url = "https://github.com/termcolor/termcolor.git"
reference = "fd08149"
resolved_reference = "fd08149187df889da631805ab3651e9265eb8f00"

[metadata]
lock-version = "2.1"
python-versions = ">=3.11"
content-hash = "203d3f5048e2f9dfc8a9ae76207b23aba5ae2a1deba951af738db6ef16248acb"
